<Solution>
  <Configurations>
    <Platform Name="Any CPU" />
    <Platform Name="x64" />
    <Platform Name="x86" />
  </Configurations>
  <Folder Name="/examples/">
    <Project Path="./examples/StreetlightsAPI/StreetlightsAPI.csproj" />
    <Project Path="./examples/SignalRChat/SignalRChat.csproj" />
    <Project Path="./examples/GrpcGreeter/GrpcGreeter.csproj" />
  </Folder>
    <Folder Name="/examples/aspire/">
        <Project Path="./examples/aspire/Bielu.AspNetCore.AsyncApi.Aspire.AppHost/Bielu.AspNetCore.AsyncApi.Aspire.AppHost.csproj" />
        <Project Path="./examples/aspire/Bielu.AspNetCore.AsyncApi.Aspire.ServiceDefaults/Bielu.AspNetCore.AsyncApi.Aspire.ServiceDefaults.csproj" />
        <Project Path="./examples/aspire/Bielu.AspNetCore.AsyncApi.Aspire.ApiGateway/Bielu.AspNetCore.AsyncApi.Aspire.ApiGateway.csproj" />
        <Project Path="./examples/aspire/Bielu.AspNetCore.AsyncApi.Aspire.OrderService/Bielu.AspNetCore.AsyncApi.Aspire.OrderService.csproj" />
        <Project Path="./examples/aspire/Bielu.AspNetCore.AsyncApi.Aspire.InventoryService/Bielu.AspNetCore.AsyncApi.Aspire.InventoryService.csproj" />
        <Project Path="./examples/aspire/Bielu.AspNetCore.AsyncApi.Aspire.NotificationService/Bielu.AspNetCore.AsyncApi.Aspire.NotificationService.csproj" />
    </Folder>
  <Folder Name="/tests/">
    <Project Path="../test/Bielu.AspNetCore.AsyncApi.Tests/Bielu.AspNetCore.AsyncApi.Tests.csproj" />
    <Project Path="../test/Bielu.AspNetCore.AsyncApi.Analyzers.Tests/Bielu.AspNetCore.AsyncApi.Analyzers.Tests.csproj" />
    <Project Path="../test/Bielu.AspNetCore.AsyncApi.Cli.Tests/Bielu.AspNetCore.AsyncApi.Cli.Tests.csproj" />
    <Project Path="Bielu.AspNetCore.AsyncApi.Tests.ExternalLibraries/Bielu.AspNetCore.AsyncApi.Tests.ExternalLibraries.csproj" />
    <Project Path="Bielu.AspNetCore.AsyncApi.Tests.Shared.LibraryChannels/Bielu.AspNetCore.AsyncApi.Tests.Shared.LibraryChannels.csproj" />
    <Project Path="../test/Bielu.AspNetCore.AsyncApi.Extensions.Protocols.SignalR.Tests/Bielu.AspNetCore.AsyncApi.Extensions.Protocols.SignalR.Tests.csproj" />
    <Project Path="../test/Bielu.AspNetCore.AsyncApi.Extensions.Protocols.Grpc.Tests/Bielu.AspNetCore.AsyncApi.Extensions.Protocols.Grpc.Tests.csproj" />
    <Project Path="../test/Bielu.AspNetCore.AsyncApi.Extensions.Protocols.Sse.Tests/Bielu.AspNetCore.AsyncApi.Extensions.Protocols.Sse.Tests.csproj" />
    <Project Path="../test/Bielu.AspNetCore.AsyncApi.Extensions.Protocols.WebRtc.Tests/Bielu.AspNetCore.AsyncApi.Extensions.Protocols.WebRtc.Tests.csproj" />
    <Project Path="../test/Bielu.AspNetCore.AsyncApi.Scalar.Grpc.Tests/Bielu.AspNetCore.AsyncApi.Scalar.Grpc.Tests.csproj" />
    <Project Path="../test/Bielu.AspNetCore.AsyncApi.Versioning.Tests/Bielu.AspNetCore.AsyncApi.Versioning.Tests.csproj" />
  </Folder>
  <Folder Name="/Solution Files/">
    <File Path="../.dockerignore" />
    <File Path="../.editorconfig" />
    <File Path="../.gitignore" />
    <File Path="../CHANGELOG.md" />
    <File Path="../CODEOWNERS" />
    <File Path="../CONTRIBUTING.md" />
    <File Path="../LICENSE" />
    <File Path="../README.md" />
    <File Path="../version.props" />
  </Folder>
  <Folder Name="/tools/">
    <Project Path="./Bielu.AspNetCore.AsyncApi.Cli/Bielu.AspNetCore.AsyncApi.Cli.csproj" />
    <Project Path="./Bielu.AspNetCore.AsyncApi.Analyzers/Bielu.AspNetCore.AsyncApi.Analyzers.csproj" />
    <Project Path="./Bielu.AspNetCore.AsyncApi.ApiDescription.Server/Bielu.AspNetCore.AsyncApi.ApiDescription.Server.csproj" />
    <Project Path="./Bielu.AspNetCore.AsyncApi.Templates/Bielu.AspNetCore.AsyncApi.Templates.csproj" />
  </Folder>
  <Project Path="./Bielu.AspNetCore.AsyncApi.Attributes/Bielu.AspNetCore.AsyncApi.Attributes.csproj" />
  <Project Path="./Bielu.AspNetCore.AsyncApi.Extensions.Protocols.SignalR/Bielu.AspNetCore.AsyncApi.Extensions.Protocols.SignalR.csproj" />
  <Project Path="./Bielu.AspNetCore.AsyncApi.Extensions.Protocols.Grpc/Bielu.AspNetCore.AsyncApi.Extensions.Protocols.Grpc.csproj" />
  <Project Path="./Bielu.AspNetCore.AsyncApi.Extensions.Protocols.Sse/Bielu.AspNetCore.AsyncApi.Extensions.Protocols.Sse.csproj" />
  <Project Path="./Bielu.AspNetCore.AsyncApi.Extensions.Protocols.WebRtc/Bielu.AspNetCore.AsyncApi.Extensions.Protocols.WebRtc.csproj" />
  <Project Path="./Bielu.AspNetCore.AsyncApi.Merger/Bielu.AspNetCore.AsyncApi.Merger.csproj" />
  <Project Path="./Bielu.AspNetCore.AsyncApi.Scalar/Bielu.AspNetCore.AsyncApi.Scalar.csproj" />
  <Project Path="./Bielu.AspNetCore.AsyncApi.Scalar.SignalR/Bielu.AspNetCore.AsyncApi.Scalar.SignalR.csproj" />
  <Project Path="./Bielu.AspNetCore.AsyncApi.Scalar.SignalR.Aspire/Bielu.AspNetCore.AsyncApi.Scalar.SignalR.Aspire.csproj" />
  <Project Path="./Bielu.AspNetCore.AsyncApi.Scalar.Grpc/Bielu.AspNetCore.AsyncApi.Scalar.Grpc.csproj" />
  <Project Path="./Bielu.AspNetCore.AsyncApi.Scalar.Grpc.Aspire/Bielu.AspNetCore.AsyncApi.Scalar.Grpc.Aspire.csproj" />
  <Project Path="./Bielu.AspNetCore.AsyncApi.Versioning/Bielu.AspNetCore.AsyncApi.Versioning.csproj" />
  <Project Path="./Bielu.AspNetCore.AsyncApi/Bielu.AspNetCore.AsyncApi.csproj" />
</Solution>
